// !$*UTF8*$!
{
	archiveVersion = 1;
	classes = {
	};
	objectVersion = 50;
	objects = {

/* Begin PBXBuildFile section */
		0420B75C258D9E1700F2D8FA /* AppDelegate.swift in Sources */ = {isa = PBXBuildFile; fileRef = 0420B75B258D9E1700F2D8FA /* AppDelegate.swift */; };
		0420B75E258D9E1700F2D8FA /* SceneDelegate.swift in Sources */ = {isa = PBXBuildFile; fileRef = 0420B75D258D9E1700F2D8FA /* SceneDelegate.swift */; };
		0420B760258D9E1700F2D8FA /* ContentView.swift in Sources */ = {isa = PBXBuildFile; fileRef = 0420B75F258D9E1700F2D8FA /* ContentView.swift */; };
		0420B762258D9E1900F2D8FA /* Assets.xcassets in Resources */ = {isa = PBXBuildFile; fileRef = 0420B761258D9E1900F2D8FA /* Assets.xcassets */; };
		0420B765258D9E1900F2D8FA /* Preview Assets.xcassets in Resources */ = {isa = PBXBuildFile; fileRef = 0420B764258D9E1900F2D8FA /* Preview Assets.xcassets */; };
		0420B768258D9E1900F2D8FA /* LaunchScreen.storyboard in Resources */ = {isa = PBXBuildFile; fileRef = 0420B766258D9E1900F2D8FA /* LaunchScreen.storyboard */; };
/* End PBXBuildFile section */

/* Begin PBXFileReference section */
		0420B758258D9E1700F2D8FA /* ValueDeliverySwiftApp.app */ = {isa = PBXFileReference; explicitFileType = wrapper.application; includeInIndex = 0; path = ValueDeliverySwiftApp.app; sourceTree = BUILT_PRODUCTS_DIR; };
		0420B75B258D9E1700F2D8FA /* AppDelegate.swift */ = {isa = PBXFileReference; lastKnownFileType = sourcecode.swift; path = AppDelegate.swift; sourceTree = "<group>"; };
		0420B75D258D9E1700F2D8FA /* SceneDelegate.swift */ = {isa = PBXFileReference; lastKnownFileType = sourcecode.swift; path = SceneDelegate.swift; sourceTree = "<group>"; };
		0420B75F258D9E1700F2D8FA /* ContentView.swift */ = {isa = PBXFileReference; lastKnownFileType = sourcecode.swift; path = ContentView.swift; sourceTree = "<group>"; };
		0420B761258D9E1900F2D8FA /* Assets.xcassets */ = {isa = PBXFileReference; lastKnownFileType = folder.assetcatalog; path = Assets.xcassets; sourceTree = "<group>"; };
		0420B764258D9E1900F2D8FA /* Preview Assets.xcassets */ = {isa = PBXFileReference; lastKnownFileType = folder.assetcatalog; path = "Preview Assets.xcassets"; sourceTree = "<group>"; };
		0420B767258D9E1900F2D8FA /* Base */ = {isa = PBXFileReference; lastKnownFileType = file.storyboard; name = Base; path = Base.lproj/LaunchScreen.storyboard; sourceTree = "<group>"; };
		0420B769258D9E1900F2D8FA /* Info.plist */ = {isa = PBXFileReference; lastKnownFileType = text.plist.xml; path = Info.plist; sourceTree = "<group>"; };
/* End PBXFileReference section */

/* Begin PBXFrameworksBuildPhase section */
		0420B755258D9E1700F2D8FA /* Frameworks */ = {
			isa = PBXFrameworksBuildPhase;
			buildActionMask = 2147483647;
			files = (
			);
			runOnlyForDeploymentPostprocessing = 0;
		};
/* End PBXFrameworksBuildPhase section */

/* Begin PBXGroup section */
		0420B74F258D9E1700F2D8FA = {
			isa = PBXGroup;
			children = (
				0420B75A258D9E1700F2D8FA /* ValueDeliverySwiftApp */,
				0420B759258D9E1700F2D8FA /* Products */,
			);
			sourceTree = "<group>";
		};
		0420B759258D9E1700F2D8FA /* Products */ = {
			isa = PBXGroup;
			children = (
				0420B758258D9E1700F2D8FA /* ValueDeliverySwiftApp.app */,
			);
			name = Products;
			sourceTree = "<group>";
		};
		0420B75A258D9E1700F2D8FA /* ValueDeliverySwiftApp */ = {
			isa = PBXGroup;
			children = (
				0420B75B258D9E1700F2D8FA /* AppDelegate.swift */,
				0420B75D258D9E1700F2D8FA /* SceneDelegate.swift */,
				0420B75F258D9E1700F2D8FA /* ContentView.swift */,
				0420B761258D9E1900F2D8FA /* Assets.xcassets */,
				0420B766258D9E1900F2D8FA /* LaunchScreen.storyboard */,
				0420B769258D9E1900F2D8FA /* Info.plist */,
				0420B763258D9E1900F2D8FA /* Preview Content */,
			);
			path = ValueDeliverySwiftApp;
			sourceTree = "<group>";
		};
		0420B763258D9E1900F2D8FA /* Preview Content */ = {
			isa = PBXGroup;
			children = (
				0420B764258D9E1900F2D8FA /* Preview Assets.xcassets */,
			);
			path = "Preview Content";
			sourceTree = "<group>";
		};
/* End PBXGroup section */

/* Begin PBXNativeTarget section */
		0420B757258D9E1700F2D8FA /* ValueDeliverySwiftApp */ = {
			isa = PBXNativeTarget;
			buildConfigurationList = 0420B76C258D9E1900F2D8FA /* Build configuration list for PBXNativeTarget "ValueDeliverySwiftApp" */;
			buildPhases = (
				0420B754258D9E1700F2D8FA /* Sources */,
				0420B755258D9E1700F2D8FA /* Frameworks */,
				0420B756258D9E1700F2D8FA /* Resources */,
			);
			buildRules = (
			);
			dependencies = (
			);
			name = ValueDeliverySwiftApp;
			productName = ValueDeliverySwiftApp;
			productReference = 0420B758258D9E1700F2D8FA /* ValueDeliverySwiftApp.app */;
			productType = "com.apple.product-type.application";
		};
/* End PBXNativeTarget section */

/* Begin PBXProject section */
		0420B750258D9E1700F2D8FA /* Project object */ = {
			isa = PBXProject;
			attributes = {
				LastSwiftUpdateCheck = 1170;
				LastUpgradeCheck = 1170;
				ORGANIZATIONNAME = mac;
				TargetAttributes = {
					0420B757258D9E1700F2D8FA = {
						CreatedOnToolsVersion = 11.7;
					};
				};
			};
			buildConfigurationList = 0420B753258D9E1700F2D8FA /* Build configuration list for PBXProject "ValueDeliverySwiftApp" */;
			compatibilityVersion = "Xcode 9.3";
			developmentRegion = en;
			hasScannedForEncodings = 0;
			knownRegions = (
				en,
				Base,
			);
			mainGroup = 0420B74F258D9E1700F2D8FA;
			productRefGroup = 0420B759258D9E1700F2D8FA /* Products */;
			projectDirPath = "";
			projectRoot = "";
			targets = (
				0420B757258D9E1700F2D8FA /* ValueDeliverySwiftApp */,
			);
		};
/* End PBXProject section */

/* Begin PBXResourcesBuildPhase section */
		0420B756258D9E1700F2D8FA /* Resources */ = {
			isa = PBXResourcesBuildPhase;
			buildActionMask = 2147483647;
			files = (
				0420B768258D9E1900F2D8FA /* LaunchScreen.storyboard in Resources */,
				0420B765258D9E1900F2D8FA /* Preview Assets.xcassets in Resources */,
				0420B762258D9E1900F2D8FA /* Assets.xcassets in Resources */,
			);
			runOnlyForDeploymentPostprocessing = 0;
		};
/* End PBXResourcesBuildPhase section */

/* Begin PBXSourcesBuildPhase section */
		0420B754258D9E1700F2D8FA /* Sources */ = {
			isa = PBXSourcesBuildPhase;
			buildActionMask = 2147483647;
			files = (
				0420B75C258D9E1700F2D8FA /* AppDelegate.swift in Sources */,
				0420B75E258D9E1700F2D8FA /* SceneDelegate.swift in Sources */,
				0420B760258D9E1700F2D8FA /* ContentView.swift in Sources */,
			);
			runOnlyForDeploymentPostprocessing = 0;
		};
/* End PBXSourcesBuildPhase section */

/* Begin PBXVariantGroup section */
		0420B766258D9E1900F2D8FA /* LaunchScreen.storyboard */ = {
			isa = PBXVariantGroup;
			children = (
				0420B767258D9E1900F2D8FA /* Base */,
			);
			name = LaunchScreen.storyboard;
			sourceTree = "<group>";
		};
/* End PBXVariantGroup section */

/* Begin XCBuildConfiguration section */
		0420B76A258D9E1900F2D8FA /* Debug */ = {
			isa = XCBuildConfiguration;
			buildSettings = {
				ALWAYS_SEARCH_USER_PATHS = NO;
				CLANG_ANALYZER_NONNULL = YES;
				CLANG_ANALYZER_NUMBER_OBJECT_CONVERSION = YES_AGGRESSIVE;
				CLANG_CXX_LANGUAGE_STANDARD = "gnu++14";
				CLANG_CXX_LIBRARY = "libc++";
				CLANG_ENABLE_MODULES = YES;
				CLANG_ENABLE_OBJC_ARC = YES;
				CLANG_ENABLE_OBJC_WEAK = YES;
				CLANG_WARN_BLOCK_CAPTURE_AUTORELEASING = YES;
				CLANG_WARN_BOOL_CONVERSION = YES;
				CLANG_WARN_COMMA = YES;
				CLANG_WARN_CONSTANT_CONVERSION = YES;
				CLANG_WARN_DEPRECATED_OBJC_IMPLEMENTATIONS = YES;
				CLANG_WARN_DIRECT_OBJC_ISA_USAGE = YES_ERROR;
				CLANG_WARN_DOCUMENTATION_COMMENTS = YES;
				CLANG_WARN_EMPTY_BODY = YES;
				CLANG_WARN_ENUM_CONVERSION = YES;
				CLANG_WARN_INFINITE_RECURSION = YES;
				CLANG_WARN_INT_CONVERSION = YES;
				CLANG_WARN_NON_LITERAL_NULL_CONVERSION = YES;
				CLANG_WARN_OBJC_IMPLICIT_RETAIN_SELF = YES;
				CLANG_WARN_OBJC_LITERAL_CONVERSION = YES;
				CLANG_WARN_OBJC_ROOT_CLASS = YES_ERROR;
				CLANG_WARN_RANGE_LOOP_ANALYSIS = YES;
				CLANG_WARN_STRICT_PROTOTYPES = YES;
				CLANG_WARN_SUSPICIOUS_MOVE = YES;
				CLANG_WARN_UNGUARDED_AVAILABILITY = YES_AGGRESSIVE;
				CLANG_WARN_UNREACHABLE_CODE = YES;
				CLANG_WARN__DUPLICATE_METHOD_MATCH = YES;
				COPY_PHASE_STRIP = NO;
				DEBUG_INFORMATION_FORMAT = dwarf;
				ENABLE_STRICT_OBJC_MSGSEND = YES;
				ENABLE_TESTABILITY = YES;
				GCC_C_LANGUAGE_STANDARD = gnu11;
				GCC_DYNAMIC_NO_PIC = NO;
				GCC_NO_COMMON_BLOCKS = YES;
				GCC_OPTIMIZATION_LEVEL = 0;
				GCC_PREPROCESSOR_DEFINITIONS = (
					"DEBUG=1",
					"$(inherited)",
				);
				GCC_WARN_64_TO_32_BIT_CONVERSION = YES;
				GCC_WARN_ABOUT_RETURN_TYPE = YES_ERROR;
				GCC_WARN_UNDECLARED_SELECTOR = YES;
				GCC_WARN_UNINITIALIZED_AUTOS = YES_AGGRESSIVE;
				GCC_WARN_UNUSED_FUNCTION = YES;
				GCC_WARN_UNUSED_VARIABLE = YES;
				IPHONEOS_DEPLOYMENT_TARGET = 13.7;
				MTL_ENABLE_DEBUG_INFO = INCLUDE_SOURCE;
				MTL_FAST_MATH = YES;
				ONLY_ACTIVE_ARCH = YES;
				SDKROOT = iphoneos;
				SWIFT_ACTIVE_COMPILATION_CONDITIONS = DEBUG;
				SWIFT_OPTIMIZATION_LEVEL = "-Onone";
			};
			name = Debug;
		};
		0420B76B258D9E1900F2D8FA /* Release */ = {
			isa = XCBuildConfiguration;
			buildSettings = {
				ALWAYS_SEARCH_USER_PATHS = NO;
				CLANG_ANALYZER_NONNULL = YES;
				CLANG_ANALYZER_NUMBER_OBJECT_CONVERSION = YES_AGGRESSIVE;
				CLANG_CXX_LANGUAGE_STANDARD = "gnu++14";
				CLANG_CXX_LIBRARY = "libc++";
				CLANG_ENABLE_MODULES = YES;
				CLANG_ENABLE_OBJC_ARC = YES;
				CLANG_ENABLE_OBJC_WEAK = YES;
				CLANG_WARN_BLOCK_CAPTURE_AUTORELEASING = YES;
				CLANG_WARN_BOOL_CONVERSION = YES;
				CLANG_WARN_COMMA = YES;
				CLANG_WARN_CONSTANT_CONVERSION = YES;
				CLANG_WARN_DEPRECATED_OBJC_IMPLEMENTATIONS = YES;
				CLANG_WARN_DIRECT_OBJC_ISA_USAGE = YES_ERROR;
				CLANG_WARN_DOCUMENTATION_COMMENTS = YES;
				CLANG_WARN_EMPTY_BODY = YES;
				CLANG_WARN_ENUM_CONVERSION = YES;
				CLANG_WARN_INFINITE_RECURSION = YES;
				CLANG_WARN_INT_CONVERSION = YES;
				CLANG_WARN_NON_LITERAL_NULL_CONVERSION = YES;
				CLANG_WARN_OBJC_IMPLICIT_RETAIN_SELF = YES;
				CLANG_WARN_OBJC_LITERAL_CONVERSION = YES;
				CLANG_WARN_OBJC_ROOT_CLASS = YES_ERROR;
				CLANG_WARN_RANGE_LOOP_ANALYSIS = YES;
				CLANG_WARN_STRICT_PROTOTYPES = YES;
				CLANG_WARN_SUSPICIOUS_MOVE = YES;
				CLANG_WARN_UNGUARDED_AVAILABILITY = YES_AGGRESSIVE;
				CLANG_WARN_UNREACHABLE_CODE = YES;
				CLANG_WARN__DUPLICATE_METHOD_MATCH = YES;
				COPY_PHASE_STRIP = NO;
				DEBUG_INFORMATION_FORMAT = "dwarf-with-dsym";
				ENABLE_NS_ASSERTIONS = NO;
				ENABLE_STRICT_OBJC_MSGSEND = YES;
				GCC_C_LANGUAGE_STANDARD = gnu11;
				GCC_NO_COMMON_BLOCKS = YES;
				GCC_WARN_64_TO_32_BIT_CONVERSION = YES;
				GCC_WARN_ABOUT_RETURN_TYPE = YES_ERROR;
				GCC_WARN_UNDECLARED_SELECTOR = YES;
				GCC_WARN_UNINITIALIZED_AUTOS = YES_AGGRESSIVE;
				GCC_WARN_UNUSED_FUNCTION = YES;
				GCC_WARN_UNUSED_VARIABLE = YES;
				IPHONEOS_DEPLOYMENT_TARGET = 13.7;
				MTL_ENABLE_DEBUG_INFO = NO;
				MTL_FAST_MATH = YES;
				SDKROOT = iphoneos;
				SWIFT_COMPILATION_MODE = wholemodule;
				SWIFT_OPTIMIZATION_LEVEL = "-O";
				VALIDATE_PRODUCT = YES;
			};
			name = Release;
		};
		0420B76D258D9E1900F2D8FA /* Debug */ = {
			isa = XCBuildConfiguration;
			buildSettings = {
				ASSETCATALOG_COMPILER_APPICON_NAME = AppIcon;
				CODE_SIGN_STYLE = Automatic;
				DEVELOPMENT_ASSET_PATHS = "\"ValueDeliverySwiftApp/Preview Content\"";
				ENABLE_PREVIEWS = YES;
				INFOPLIST_FILE = ValueDeliverySwiftApp/Info.plist;
				LD_RUNPATH_SEARCH_PATHS = (
					"$(inherited)",
					"@executable_path/Frameworks",
				);
				PRODUCT_BUNDLE_IDENTIFIER = mac.ValueDeliverySwiftApp;
				PRODUCT_NAME = "$(TARGET_NAME)";
				SWIFT_VERSION = 5.0;
				TARGETED_DEVICE_FAMILY = "1,2";
			};
			name = Debug;
		};
		0420B76E258D9E1900F2D8FA /* Release */ = {
			isa = XCBuildConfiguration;
			buildSettings = {
				ASSETCATALOG_COMPILER_APPICON_NAME = AppIcon;
				CODE_SIGN_STYLE = Automatic;
				DEVELOPMENT_ASSET_PATHS = "\"ValueDeliverySwiftApp/Preview Content\"";
				ENABLE_PREVIEWS = YES;
				INFOPLIST_FILE = ValueDeliverySwiftApp/Info.plist;
				LD_RUNPATH_SEARCH_PATHS = (
					"$(inherited)",
					"@executable_path/Frameworks",
				);
				PRODUCT_BUNDLE_IDENTIFIER = mac.ValueDeliverySwiftApp;
				PRODUCT_NAME = "$(TARGET_NAME)";
				SWIFT_VERSION = 5.0;
				TARGETED_DEVICE_FAMILY = "1,2";
			};
			name = Release;
		};
/* End XCBuildConfiguration section */

/* Begin XCConfigurationList section */
		0420B753258D9E1700F2D8FA /* Build configuration list for PBXProject "ValueDeliverySwiftApp" */ = {
			isa = XCConfigurationList;
			buildConfigurations = (
				0420B76A258D9E1900F2D8FA /* Debug */,
				0420B76B258D9E1900F2D8FA /* Release */,
			);
			defaultConfigurationIsVisible = 0;
			defaultConfigurationName = Release;
		};
		0420B76C258D9E1900F2D8FA /* Build configuration list for PBXNativeTarget "ValueDeliverySwiftApp" */ = {
			isa = XCConfigurationList;
			buildConfigurations = (
				0420B76D258D9E1900F2D8FA /* Debug */,
				0420B76E258D9E1900F2D8FA /* Release */,
			);
			defaultConfigurationIsVisible = 0;
			defaultConfigurationName = Release;
		};
/* End XCConfigurationList section */
	};
	rootObject = 0420B750258D9E1700F2D8FA /* Project object */;
}
